
Microsoft Visual Studio Solution File, Format Version 12.00
# Visual Studio 15
VisualStudioVersion = 15.0.26124.0
MinimumVisualStudioVersion = 15.0.26124.0
Project("{FAE04EC0-301F-11D3-BF4B-00C04F79EFBC}") = "R5T.Smyni.Base.Construction", "R5T.Smyni.Base.Construction\R5T.Smyni.Base.Construction.csproj", "{276AC8ED-AF17-40A6-BA2E-6C2BA38ADA45}"
EndProject
Project("{FAE04EC0-301F-11D3-BF4B-00C04F79EFBC}") = "R5T.Smyni.Base", "R5T.Smyni.Base\R5T.Smyni.Base.csproj", "{43AA9E9D-8AC4-47CA-8E3D-55AEAC444821}"
EndProject
Project("{2150E333-8FDC-42A3-9474-1A3956D46DE8}") = "_Dependencies", "_Dependencies", "{736B6787-E686-4BA4-A627-C086D6DA27B0}"
EndProject
Project("{FAE04EC0-301F-11D3-BF4B-00C04F79EFBC}") = "R5T.T0064", "..\..\R5T.T0064\source\R5T.T0064\R5T.T0064.csproj", "{1702924F-E28A-4562-8BEA-44488385BE7E}"
EndProject
Global
	GlobalSection(SolutionConfigurationPlatforms) = preSolution
		Debug|Any CPU = Debug|Any CPU
		Debug|x64 = Debug|x64
		Debug|x86 = Debug|x86
		Release|Any CPU = Release|Any CPU
		Release|x64 = Release|x64
		Release|x86 = Release|x86
	EndGlobalSection
	GlobalSection(SolutionProperties) = preSolution
		HideSolutionNode = FALSE
	EndGlobalSection
	GlobalSection(ProjectConfigurationPlatforms) = postSolution
		{276AC8ED-AF17-40A6-BA2E-6C2BA38ADA45}.Debug|Any CPU.ActiveCfg = Debug|Any CPU
		{276AC8ED-AF17-40A6-BA2E-6C2BA38ADA45}.Debug|Any CPU.Build.0 = Debug|Any CPU
		{276AC8ED-AF17-40A6-BA2E-6C2BA38ADA45}.Debug|x64.ActiveCfg = Debug|Any CPU
		{276AC8ED-AF17-40A6-BA2E-6C2BA38ADA45}.Debug|x64.Build.0 = Debug|Any CPU
		{276AC8ED-AF17-40A6-BA2E-6C2BA38ADA45}.Debug|x86.ActiveCfg = Debug|Any CPU
		{276AC8ED-AF17-40A6-BA2E-6C2BA38ADA45}.Debug|x86.Build.0 = Debug|Any CPU
		{276AC8ED-AF17-40A6-BA2E-6C2BA38ADA45}.Release|Any CPU.ActiveCfg = Release|Any CPU
		{276AC8ED-AF17-40A6-BA2E-6C2BA38ADA45}.Release|Any CPU.Build.0 = Release|Any CPU
		{276AC8ED-AF17-40A6-BA2E-6C2BA38ADA45}.Release|x64.ActiveCfg = Release|Any CPU
		{276AC8ED-AF17-40A6-BA2E-6C2BA38ADA45}.Release|x64.Build.0 = Release|Any CPU
		{276AC8ED-AF17-40A6-BA2E-6C2BA38ADA45}.Release|x86.ActiveCfg = Release|Any CPU
		{276AC8ED-AF17-40A6-BA2E-6C2BA38ADA45}.Release|x86.Build.0 = Release|Any CPU
		{43AA9E9D-8AC4-47CA-8E3D-55AEAC444821}.Debug|Any CPU.ActiveCfg = Debug|Any CPU
		{43AA9E9D-8AC4-47CA-8E3D-55AEAC444821}.Debug|Any CPU.Build.0 = Debug|Any CPU
		{43AA9E9D-8AC4-47CA-8E3D-55AEAC444821}.Debug|x64.ActiveCfg = Debug|Any CPU
		{43AA9E9D-8AC4-47CA-8E3D-55AEAC444821}.Debug|x64.Build.0 = Debug|Any CPU
		{43AA9E9D-8AC4-47CA-8E3D-55AEAC444821}.Debug|x86.ActiveCfg = Debug|Any CPU
		{43AA9E9D-8AC4-47CA-8E3D-55AEAC444821}.Debug|x86.Build.0 = Debug|Any CPU
		{43AA9E9D-8AC4-47CA-8E3D-55AEAC444821}.Release|Any CPU.ActiveCfg = Release|Any CPU
		{43AA9E9D-8AC4-47CA-8E3D-55AEAC444821}.Release|Any CPU.Build.0 = Release|Any CPU
		{43AA9E9D-8AC4-47CA-8E3D-55AEAC444821}.Release|x64.ActiveCfg = Release|Any CPU
		{43AA9E9D-8AC4-47CA-8E3D-55AEAC444821}.Release|x64.Build.0 = Release|Any CPU
		{43AA9E9D-8AC4-47CA-8E3D-55AEAC444821}.Release|x86.ActiveCfg = Release|Any CPU
		{43AA9E9D-8AC4-47CA-8E3D-55AEAC444821}.Release|x86.Build.0 = Release|Any CPU
		{1702924F-E28A-4562-8BEA-44488385BE7E}.Debug|Any CPU.ActiveCfg = Debug|Any CPU
		{1702924F-E28A-4562-8BEA-44488385BE7E}.Debug|Any CPU.Build.0 = Debug|Any CPU
		{1702924F-E28A-4562-8BEA-44488385BE7E}.Debug|x64.ActiveCfg = Debug|Any CPU
		{1702924F-E28A-4562-8BEA-44488385BE7E}.Debug|x64.Build.0 = Debug|Any CPU
		{1702924F-E28A-4562-8BEA-44488385BE7E}.Debug|x86.ActiveCfg = Debug|Any CPU
		{1702924F-E28A-4562-8BEA-44488385BE7E}.Debug|x86.Build.0 = Debug|Any CPU
		{1702924F-E28A-4562-8BEA-44488385BE7E}.Release|Any CPU.ActiveCfg = Release|Any CPU
		{1702924F-E28A-4562-8BEA-44488385BE7E}.Release|Any CPU.Build.0 = Release|Any CPU
		{1702924F-E28A-4562-8BEA-44488385BE7E}.Release|x64.ActiveCfg = Release|Any CPU
		{1702924F-E28A-4562-8BEA-44488385BE7E}.Release|x64.Build.0 = Release|Any CPU
		{1702924F-E28A-4562-8BEA-44488385BE7E}.Release|x86.ActiveCfg = Release|Any CPU
		{1702924F-E28A-4562-8BEA-44488385BE7E}.Release|x86.Build.0 = Release|Any CPU
	EndGlobalSection
	GlobalSection(NestedProjects) = preSolution
		{1702924F-E28A-4562-8BEA-44488385BE7E} = {736B6787-E686-4BA4-A627-C086D6DA27B0}
	EndGlobalSection
EndGlobal
